
Microsoft Visual Studio Solution File, Format Version 12.00
# Visual Studio 15
VisualStudioVersion = 15.0.27004.2005
MinimumVisualStudioVersion = 10.0.40219.1
Project("{FAE04EC0-301F-11D3-BF4B-00C04F79EFBC}") = "Falkor.Pressure.App", "Falkor.Pressure.App\Falkor.Pressure.App.csproj", "{B13FC876-7BD0-4812-86E5-9DD46F1AA47A}"
EndProject
Global
	GlobalSection(SolutionConfigurationPlatforms) = preSolution
		Debug|Any CPU = Debug|Any CPU
		Release|Any CPU = Release|Any CPU
	EndGlobalSection
	GlobalSection(ProjectConfigurationPlatforms) = postSolution
		{B13FC876-7BD0-4812-86E5-9DD46F1AA47A}.Debug|Any CPU.ActiveCfg = Debug|Any CPU
		{B13FC876-7BD0-4812-86E5-9DD46F1AA47A}.Debug|Any CPU.Build.0 = Debug|Any CPU
		{B13FC876-7BD0-4812-86E5-9DD46F1AA47A}.Release|Any CPU.ActiveCfg = Release|Any CPU
		{B13FC876-7BD0-4812-86E5-9DD46F1AA47A}.Release|Any CPU.Build.0 = Release|Any CPU
	EndGlobalSection
	GlobalSection(SolutionProperties) = preSolution
		HideSolutionNode = FALSE
	EndGlobalSection
	GlobalSection(ExtensibilityGlobals) = postSolution
		SolutionGuid = {DC23CF23-455A-45B8-99DC-518F9204BEE3}
	EndGlobalSection
EndGlobal
